
Microsoft Visual Studio Solution File, Format Version 12.00
# Visual Studio Version 16
VisualStudioVersion = 16.0.31727.386
MinimumVisualStudioVersion = 10.0.40219.1
Project("{FAE04EC0-301F-11D3-BF4B-00C04F79EFBC}") = "CollectionTask", "CollectionTask\CollectionTask.csproj", "{B8E34C5E-6F15-47D3-9D00-8EF4267EEE13}"
EndProject
Global
	GlobalSection(SolutionConfigurationPlatforms) = preSolution
		Debug|Any CPU = Debug|Any CPU
		Release|Any CPU = Release|Any CPU
	EndGlobalSection
	GlobalSection(ProjectConfigurationPlatforms) = postSolution
		{B8E34C5E-6F15-47D3-9D00-8EF4267EEE13}.Debug|Any CPU.ActiveCfg = Debug|Any CPU
		{B8E34C5E-6F15-47D3-9D00-8EF4267EEE13}.Debug|Any CPU.Build.0 = Debug|Any CPU
		{B8E34C5E-6F15-47D3-9D00-8EF4267EEE13}.Release|Any CPU.ActiveCfg = Release|Any CPU
		{B8E34C5E-6F15-47D3-9D00-8EF4267EEE13}.Release|Any CPU.Build.0 = Release|Any CPU
	EndGlobalSection
	GlobalSection(SolutionProperties) = preSolution
		HideSolutionNode = FALSE
	EndGlobalSection
	GlobalSection(ExtensibilityGlobals) = postSolution
		SolutionGuid = {B29899EF-48A9-465B-9F9F-3DEB09DE10E2}
	EndGlobalSection
EndGlobal
